
Microsoft Visual Studio Solution File, Format Version 12.00
# Visual Studio Version 17
VisualStudioVersion = 17.0.31903.59
MinimumVisualStudioVersion = 10.0.40219.1
Project("{FAE04EC0-301F-11D3-BF4B-00C04F79EFBC}") = "API", "API\API.csproj", "{0B6D021B-0BDF-43D4-AA24-D043E0FE7A4F}"
EndProject
Project("{FAE04EC0-301F-11D3-BF4B-00C04F79EFBC}") = "Application", "Application\Application.csproj", "{525007DC-CC1F-426C-B39A-97DDE162188B}"
EndProject
Project("{FAE04EC0-301F-11D3-BF4B-00C04F79EFBC}") = "Domain", "Domain\Domain.csproj", "{9B8906CD-8EEE-4767-AA35-74B2C83E635C}"
EndProject
Project("{FAE04EC0-301F-11D3-BF4B-00C04F79EFBC}") = "Persistence", "Persistence\Persistence.csproj", "{A24D3A6F-F509-4B81-82B9-EF654EDD3AA4}"
EndProject
Global
	GlobalSection(SolutionConfigurationPlatforms) = preSolution
		Debug|Any CPU = Debug|Any CPU
		Release|Any CPU = Release|Any CPU
	EndGlobalSection
	GlobalSection(SolutionProperties) = preSolution
		HideSolutionNode = FALSE
	EndGlobalSection
	GlobalSection(ProjectConfigurationPlatforms) = postSolution
		{0B6D021B-0BDF-43D4-AA24-D043E0FE7A4F}.Debug|Any CPU.ActiveCfg = Debug|Any CPU
		{0B6D021B-0BDF-43D4-AA24-D043E0FE7A4F}.Debug|Any CPU.Build.0 = Debug|Any CPU
		{0B6D021B-0BDF-43D4-AA24-D043E0FE7A4F}.Release|Any CPU.ActiveCfg = Release|Any CPU
		{0B6D021B-0BDF-43D4-AA24-D043E0FE7A4F}.Release|Any CPU.Build.0 = Release|Any CPU
		{525007DC-CC1F-426C-B39A-97DDE162188B}.Debug|Any CPU.ActiveCfg = Debug|Any CPU
		{525007DC-CC1F-426C-B39A-97DDE162188B}.Debug|Any CPU.Build.0 = Debug|Any CPU
		{525007DC-CC1F-426C-B39A-97DDE162188B}.Release|Any CPU.ActiveCfg = Release|Any CPU
		{525007DC-CC1F-426C-B39A-97DDE162188B}.Release|Any CPU.Build.0 = Release|Any CPU
		{9B8906CD-8EEE-4767-AA35-74B2C83E635C}.Debug|Any CPU.ActiveCfg = Debug|Any CPU
		{9B8906CD-8EEE-4767-AA35-74B2C83E635C}.Debug|Any CPU.Build.0 = Debug|Any CPU
		{9B8906CD-8EEE-4767-AA35-74B2C83E635C}.Release|Any CPU.ActiveCfg = Release|Any CPU
		{9B8906CD-8EEE-4767-AA35-74B2C83E635C}.Release|Any CPU.Build.0 = Release|Any CPU
		{A24D3A6F-F509-4B81-82B9-EF654EDD3AA4}.Debug|Any CPU.ActiveCfg = Debug|Any CPU
		{A24D3A6F-F509-4B81-82B9-EF654EDD3AA4}.Debug|Any CPU.Build.0 = Debug|Any CPU
		{A24D3A6F-F509-4B81-82B9-EF654EDD3AA4}.Release|Any CPU.ActiveCfg = Release|Any CPU
		{A24D3A6F-F509-4B81-82B9-EF654EDD3AA4}.Release|Any CPU.Build.0 = Release|Any CPU
	EndGlobalSection
EndGlobal
